
Microsoft Visual Studio Solution File, Format Version 12.00
# Visual Studio Version 17
VisualStudioVersion = 17.12.35707.178 d17.12
MinimumVisualStudioVersion = 10.0.40219.1
Project("{FAE04EC0-301F-11D3-BF4B-00C04F79EFBC}") = "auto_playsound", "auto_playsound.csproj", "{01DA40BA-84FE-4B88-86BD-4F3293E2A131}"
EndProject
Global
	GlobalSection(SolutionConfigurationPlatforms) = preSolution
		Debug|Any CPU = Debug|Any CPU
		Release|Any CPU = Release|Any CPU
	EndGlobalSection
	GlobalSection(ProjectConfigurationPlatforms) = postSolution
		{01DA40BA-84FE-4B88-86BD-4F3293E2A131}.Debug|Any CPU.ActiveCfg = Debug|Any CPU
		{01DA40BA-84FE-4B88-86BD-4F3293E2A131}.Debug|Any CPU.Build.0 = Debug|Any CPU
		{01DA40BA-84FE-4B88-86BD-4F3293E2A131}.Release|Any CPU.ActiveCfg = Release|Any CPU
		{01DA40BA-84FE-4B88-86BD-4F3293E2A131}.Release|Any CPU.Build.0 = Release|Any CPU
	EndGlobalSection
	GlobalSection(SolutionProperties) = preSolution
		HideSolutionNode = FALSE
	EndGlobalSection
EndGlobal
